// !$*UTF8*$!
{
	archiveVersion = 1;
	classes = {
	};
	objectVersion = 50;
	objects = {

/* Begin PBXBuildFile section */
		D23F472C4BA96B36FE84C050 /* libPods-BaiduMap_Demo.a in Frameworks */ = {isa = PBXBuildFile; fileRef = C1825AE1FA337506E2A02F9E /* libPods-BaiduMap_Demo.a */; };
		D8BA3FAF20D360A900C6C80F /* AppDelegate.mm in Sources */ = {isa = PBXBuildFile; fileRef = D8BA3FAE20D360A900C6C80F /* AppDelegate.mm */; };
		D8BA3FB320D3623A00C6C80F /* mapapi.bundle in Resources */ = {isa = PBXBuildFile; fileRef = D8BA3FB220D3623A00C6C80F /* mapapi.bundle */; };
		D8BA3FBA20D3655B00C6C80F /* YMMapViewController.m in Sources */ = {isa = PBXBuildFile; fileRef = D8BA3FB820D3655B00C6C80F /* YMMapViewController.m */; };
		D8BA3FBB20D3655B00C6C80F /* YMMapViewController.xib in Resources */ = {isa = PBXBuildFile; fileRef = D8BA3FB920D3655B00C6C80F /* YMMapViewController.xib */; };
		D8BA3FC120D366BC00C6C80F /* YMPoi.m in Sources */ = {isa = PBXBuildFile; fileRef = D8BA3FC020D366BC00C6C80F /* YMPoi.m */; };
		D8BA3FC420D367E000C6C80F /* YMPointAnnotation.m in Sources */ = {isa = PBXBuildFile; fileRef = D8BA3FC320D367E000C6C80F /* YMPointAnnotation.m */; };
		D8BA3FC720D3682E00C6C80F /* YMAnnotationView.m in Sources */ = {isa = PBXBuildFile; fileRef = D8BA3FC620D3682E00C6C80F /* YMAnnotationView.m */; };
		D8BA3FCA20D368F100C6C80F /* YMPaopaoView.m in Sources */ = {isa = PBXBuildFile; fileRef = D8BA3FC920D368F100C6C80F /* YMPaopaoView.m */; };
		D8BA3FCC20D36B4C00C6C80F /* YMPaopaoView.xib in Resources */ = {isa = PBXBuildFile; fileRef = D8BA3FCB20D36B4C00C6C80F /* YMPaopaoView.xib */; };
		D8BA3FD020D3907800C6C80F /* YMPoiDetailViewController.m in Sources */ = {isa = PBXBuildFile; fileRef = D8BA3FCE20D3907800C6C80F /* YMPoiDetailViewController.m */; };
		D8BA3FD120D3907800C6C80F /* YMPoiDetailViewController.xib in Resources */ = {isa = PBXBuildFile; fileRef = D8BA3FCF20D3907800C6C80F /* YMPoiDetailViewController.xib */; };
		D8BA3FDA20D399DC00C6C80F /* UIImage+Rotate.m in Sources */ = {isa = PBXBuildFile; fileRef = D8BA3FD920D399DC00C6C80F /* UIImage+Rotate.m */; };
		D8BA3FDD20D39D6200C6C80F /* YMRouteAnnotationController.mm in Sources */ = {isa = PBXBuildFile; fileRef = D8BA3FDC20D39D6200C6C80F /* YMRouteAnnotationController.mm */; };
		D8FFDC7220BFF13F005DBC7F /* ViewController.m in Sources */ = {isa = PBXBuildFile; fileRef = D8FFDC7120BFF13F005DBC7F /* ViewController.m */; };
		D8FFDC7520BFF13F005DBC7F /* Main.storyboard in Resources */ = {isa = PBXBuildFile; fileRef = D8FFDC7320BFF13F005DBC7F /* Main.storyboard */; };
		D8FFDC7720BFF140005DBC7F /* Assets.xcassets in Resources */ = {isa = PBXBuildFile; fileRef = D8FFDC7620BFF140005DBC7F /* Assets.xcassets */; };
		D8FFDC7A20BFF140005DBC7F /* LaunchScreen.storyboard in Resources */ = {isa = PBXBuildFile; fileRef = D8FFDC7820BFF140005DBC7F /* LaunchScreen.storyboard */; };
		D8FFDC7D20BFF140005DBC7F /* main.m in Sources */ = {isa = PBXBuildFile; fileRef = D8FFDC7C20BFF140005DBC7F /* main.m */; };
		D8FFDC8720BFF140005DBC7F /* BaiduMap_DemoTests.m in Sources */ = {isa = PBXBuildFile; fileRef = D8FFDC8620BFF140005DBC7F /* BaiduMap_DemoTests.m */; };
		D8FFDC9220BFF140005DBC7F /* BaiduMap_DemoUITests.m in Sources */ = {isa = PBXBuildFile; fileRef = D8FFDC9120BFF140005DBC7F /* BaiduMap_DemoUITests.m */; };
/* End PBXBuildFile section */

/* Begin PBXContainerItemProxy section */
		D8FFDC8320BFF140005DBC7F /* PBXContainerItemProxy */ = {
			isa = PBXContainerItemProxy;
			containerPortal = D8FFDC6220BFF13F005DBC7F /* Project object */;
			proxyType = 1;
			remoteGlobalIDString = D8FFDC6920BFF13F005DBC7F;
			remoteInfo = BaiduMap_Demo;
		};
		D8FFDC8E20BFF140005DBC7F /* PBXContainerItemProxy */ = {
			isa = PBXContainerItemProxy;
			containerPortal = D8FFDC6220BFF13F005DBC7F /* Project object */;
			proxyType = 1;
			remoteGlobalIDString = D8FFDC6920BFF13F005DBC7F;
			remoteInfo = BaiduMap_Demo;
		};
/* End PBXContainerItemProxy section */

/* Begin PBXFileReference section */
		54F2C4F1BD7D272BD15C6296 /* Pods-BaiduMap_Demo.release.xcconfig */ = {isa = PBXFileReference; includeInIndex = 1; lastKnownFileType = text.xcconfig; name = "Pods-BaiduMap_Demo.release.xcconfig"; path = "Pods/Target Support Files/Pods-BaiduMap_Demo/Pods-BaiduMap_Demo.release.xcconfig"; sourceTree = "<group>"; };
		C1825AE1FA337506E2A02F9E /* libPods-BaiduMap_Demo.a */ = {isa = PBXFileReference; explicitFileType = archive.ar; includeInIndex = 0; path = "libPods-BaiduMap_Demo.a"; sourceTree = BUILT_PRODUCTS_DIR; };
		CDB2E659936E25EB221B68AA /* Pods-BaiduMap_Demo.debug.xcconfig */ = {isa = PBXFileReference; includeInIndex = 1; lastKnownFileType = text.xcconfig; name = "Pods-BaiduMap_Demo.debug.xcconfig"; path = "Pods/Target Support Files/Pods-BaiduMap_Demo/Pods-BaiduMap_Demo.debug.xcconfig"; sourceTree = "<group>"; };
		D8BA3FAE20D360A900C6C80F /* AppDelegate.mm */ = {isa = PBXFileReference; fileEncoding = 4; lastKnownFileType = sourcecode.cpp.objcpp; path = AppDelegate.mm; sourceTree = "<group>"; };
		D8BA3FB220D3623A00C6C80F /* mapapi.bundle */ = {isa = PBXFileReference; lastKnownFileType = "wrapper.plug-in"; path = mapapi.bundle; sourceTree = "<group>"; };
		D8BA3FB720D3655B00C6C80F /* YMMapViewController.h */ = {isa = PBXFileReference; lastKnownFileType = sourcecode.c.h; path = YMMapViewController.h; sourceTree = "<group>"; };
		D8BA3FB820D3655B00C6C80F /* YMMapViewController.m */ = {isa = PBXFileReference; lastKnownFileType = sourcecode.c.objc; path = YMMapViewController.m; sourceTree = "<group>"; };
		D8BA3FB920D3655B00C6C80F /* YMMapViewController.xib */ = {isa = PBXFileReference; lastKnownFileType = file.xib; path = YMMapViewController.xib; sourceTree = "<group>"; };
		D8BA3FBF20D366BC00C6C80F /* YMPoi.h */ = {isa = PBXFileReference; lastKnownFileType = sourcecode.c.h; path = YMPoi.h; sourceTree = "<group>"; };
		D8BA3FC020D366BC00C6C80F /* YMPoi.m */ = {isa = PBXFileReference; lastKnownFileType = sourcecode.c.objc; path = YMPoi.m; sourceTree = "<group>"; };
		D8BA3FC220D367E000C6C80F /* YMPointAnnotation.h */ = {isa = PBXFileReference; lastKnownFileType = sourcecode.c.h; path = YMPointAnnotation.h; sourceTree = "<group>"; };
		D8BA3FC320D367E000C6C80F /* YMPointAnnotation.m */ = {isa = PBXFileReference; lastKnownFileType = sourcecode.c.objc; path = YMPointAnnotation.m; sourceTree = "<group>"; };
		D8BA3FC520D3682E00C6C80F /* YMAnnotationView.h */ = {isa = PBXFileReference; lastKnownFileType = sourcecode.c.h; path = YMAnnotationView.h; sourceTree = "<group>"; };
		D8BA3FC620D3682E00C6C80F /* YMAnnotationView.m */ = {isa = PBXFileReference; lastKnownFileType = sourcecode.c.objc; path = YMAnnotationView.m; sourceTree = "<group>"; };
		D8BA3FC820D368F100C6C80F /* YMPaopaoView.h */ = {isa = PBXFileReference; lastKnownFileType = sourcecode.c.h; path = YMPaopaoView.h; sourceTree = "<group>"; };
		D8BA3FC920D368F100C6C80F /* YMPaopaoView.m */ = {isa = PBXFileReference; lastKnownFileType = sourcecode.c.objc; path = YMPaopaoView.m; sourceTree = "<group>"; };
		D8BA3FCB20D36B4C00C6C80F /* YMPaopaoView.xib */ = {isa = PBXFileReference; lastKnownFileType = file.xib; path = YMPaopaoView.xib; sourceTree = "<group>"; };
		D8BA3FCD20D3907800C6C80F /* YMPoiDetailViewController.h */ = {isa = PBXFileReference; lastKnownFileType = sourcecode.c.h; path = YMPoiDetailViewController.h; sourceTree = "<group>"; };
		D8BA3FCE20D3907800C6C80F /* YMPoiDetailViewController.m */ = {isa = PBXFileReference; lastKnownFileType = sourcecode.c.objc; path = YMPoiDetailViewController.m; sourceTree = "<group>"; };
		D8BA3FCF20D3907800C6C80F /* YMPoiDetailViewController.xib */ = {isa = PBXFileReference; lastKnownFileType = file.xib; path = YMPoiDetailViewController.xib; sourceTree = "<group>"; };
		D8BA3FD820D399DC00C6C80F /* UIImage+Rotate.h */ = {isa = PBXFileReference; fileEncoding = 4; lastKnownFileType = sourcecode.c.h; path = "UIImage+Rotate.h"; sourceTree = "<group>"; };
		D8BA3FD920D399DC00C6C80F /* UIImage+Rotate.m */ = {isa = PBXFileReference; fileEncoding = 4; lastKnownFileType = sourcecode.c.objc; path = "UIImage+Rotate.m"; sourceTree = "<group>"; };
		D8BA3FDB20D39D6100C6C80F /* YMRouteAnnotationController.h */ = {isa = PBXFileReference; fileEncoding = 4; lastKnownFileType = sourcecode.c.h; path = YMRouteAnnotationController.h; sourceTree = "<group>"; };
		D8BA3FDC20D39D6200C6C80F /* YMRouteAnnotationController.mm */ = {isa = PBXFileReference; fileEncoding = 4; lastKnownFileType = sourcecode.cpp.objcpp; path = YMRouteAnnotationController.mm; sourceTree = "<group>"; };
		D8FFDC6A20BFF13F005DBC7F /* BaiduMap_Demo.app */ = {isa = PBXFileReference; explicitFileType = wrapper.application; includeInIndex = 0; path = BaiduMap_Demo.app; sourceTree = BUILT_PRODUCTS_DIR; };
		D8FFDC6D20BFF13F005DBC7F /* AppDelegate.h */ = {isa = PBXFileReference; lastKnownFileType = sourcecode.c.h; path = AppDelegate.h; sourceTree = "<group>"; };
		D8FFDC7020BFF13F005DBC7F /* ViewController.h */ = {isa = PBXFileReference; lastKnownFileType = sourcecode.c.h; path = ViewController.h; sourceTree = "<group>"; };
		D8FFDC7120BFF13F005DBC7F /* ViewController.m */ = {isa = PBXFileReference; lastKnownFileType = sourcecode.c.objc; path = ViewController.m; sourceTree = "<group>"; };
		D8FFDC7420BFF13F005DBC7F /* Base */ = {isa = PBXFileReference; lastKnownFileType = file.storyboard; name = Base; path = Base.lproj/Main.storyboard; sourceTree = "<group>"; };
		D8FFDC7620BFF140005DBC7F /* Assets.xcassets */ = {isa = PBXFileReference; lastKnownFileType = folder.assetcatalog; path = Assets.xcassets; sourceTree = "<group>"; };
		D8FFDC7920BFF140005DBC7F /* Base */ = {isa = PBXFileReference; lastKnownFileType = file.storyboard; name = Base; path = Base.lproj/LaunchScreen.storyboard; sourceTree = "<group>"; };
		D8FFDC7B20BFF140005DBC7F /* Info.plist */ = {isa = PBXFileReference; lastKnownFileType = text.plist.xml; path = Info.plist; sourceTree = "<group>"; };
		D8FFDC7C20BFF140005DBC7F /* main.m */ = {isa = PBXFileReference; lastKnownFileType = sourcecode.c.objc; path = main.m; sourceTree = "<group>"; };
		D8FFDC8220BFF140005DBC7F /* BaiduMap_DemoTests.xctest */ = {isa = PBXFileReference; explicitFileType = wrapper.cfbundle; includeInIndex = 0; path = BaiduMap_DemoTests.xctest; sourceTree = BUILT_PRODUCTS_DIR; };
		D8FFDC8620BFF140005DBC7F /* BaiduMap_DemoTests.m */ = {isa = PBXFileReference; lastKnownFileType = sourcecode.c.objc; path = BaiduMap_DemoTests.m; sourceTree = "<group>"; };
		D8FFDC8820BFF140005DBC7F /* Info.plist */ = {isa = PBXFileReference; lastKnownFileType = text.plist.xml; path = Info.plist; sourceTree = "<group>"; };
		D8FFDC8D20BFF140005DBC7F /* BaiduMap_DemoUITests.xctest */ = {isa = PBXFileReference; explicitFileType = wrapper.cfbundle; includeInIndex = 0; path = BaiduMap_DemoUITests.xctest; sourceTree = BUILT_PRODUCTS_DIR; };
		D8FFDC9120BFF140005DBC7F /* BaiduMap_DemoUITests.m */ = {isa = PBXFileReference; lastKnownFileType = sourcecode.c.objc; path = BaiduMap_DemoUITests.m; sourceTree = "<group>"; };
		D8FFDC9320BFF140005DBC7F /* Info.plist */ = {isa = PBXFileReference; lastKnownFileType = text.plist.xml; path = Info.plist; sourceTree = "<group>"; };
/* End PBXFileReference section */

/* Begin PBXFrameworksBuildPhase section */
		D8FFDC6720BFF13F005DBC7F /* Frameworks */ = {
			isa = PBXFrameworksBuildPhase;
			buildActionMask = 2147483647;
			files = (
				D23F472C4BA96B36FE84C050 /* libPods-BaiduMap_Demo.a in Frameworks */,
			);
			runOnlyForDeploymentPostprocessing = 0;
		};
		D8FFDC7F20BFF140005DBC7F /* Frameworks */ = {
			isa = PBXFrameworksBuildPhase;
			buildActionMask = 2147483647;
			files = (
			);
			runOnlyForDeploymentPostprocessing = 0;
		};
		D8FFDC8A20BFF140005DBC7F /* Frameworks */ = {
			isa = PBXFrameworksBuildPhase;
			buildActionMask = 2147483647;
			files = (
			);
			runOnlyForDeploymentPostprocessing = 0;
		};
/* End PBXFrameworksBuildPhase section */

/* Begin PBXGroup section */
		0FBEC910CF9EE9C4D561999B /* Pods */ = {
			isa = PBXGroup;
			children = (
				CDB2E659936E25EB221B68AA /* Pods-BaiduMap_Demo.debug.xcconfig */,
				54F2C4F1BD7D272BD15C6296 /* Pods-BaiduMap_Demo.release.xcconfig */,
			);
			name = Pods;
			sourceTree = "<group>";
		};
		24AB41EE722D0189E695340B /* Frameworks */ = {
			isa = PBXGroup;
			children = (
				C1825AE1FA337506E2A02F9E /* libPods-BaiduMap_Demo.a */,
			);
			name = Frameworks;
			sourceTree = "<group>";
		};
		D8BA3FB020D3621200C6C80F /* 主控制器 */ = {
			isa = PBXGroup;
			children = (
				D8FFDC6D20BFF13F005DBC7F /* AppDelegate.h */,
				D8BA3FAE20D360A900C6C80F /* AppDelegate.mm */,
				D8FFDC7020BFF13F005DBC7F /* ViewController.h */,
				D8FFDC7120BFF13F005DBC7F /* ViewController.m */,
				D8FFDC7320BFF13F005DBC7F /* Main.storyboard */,
			);
			path = "主控制器";
			sourceTree = "<group>";
		};
		D8BA3FB120D3621D00C6C80F /* Resource */ = {
			isa = PBXGroup;
			children = (
				D8BA3FB220D3623A00C6C80F /* mapapi.bundle */,
			);
			path = Resource;
			sourceTree = "<group>";
		};
		D8BA3FB420D3624900C6C80F /* 路径规划 */ = {
			isa = PBXGroup;
			children = (
				D8BA3FBC20D3665500C6C80F /* Model */,
				D8BA3FBD20D3665B00C6C80F /* View */,
				D8BA3FBE20D3666400C6C80F /* ViewCtl */,
			);
			path = "路径规划";
			sourceTree = "<group>";
		};
		D8BA3FB520D3624D00C6C80F /* 标注拖动 */ = {
			isa = PBXGroup;
			children = (
			);
			path = "标注拖动";
			sourceTree = "<group>";
		};
		D8BA3FB620D3624F00C6C80F /* 大头针拖动 */ = {
			isa = PBXGroup;
			children = (
			);
			path = "大头针拖动";
			sourceTree = "<group>";
		};
		D8BA3FBC20D3665500C6C80F /* Model */ = {
			isa = PBXGroup;
			children = (
				D8BA3FBF20D366BC00C6C80F /* YMPoi.h */,
				D8BA3FC020D366BC00C6C80F /* YMPoi.m */,
				D8BA3FC220D367E000C6C80F /* YMPointAnnotation.h */,
				D8BA3FC320D367E000C6C80F /* YMPointAnnotation.m */,
			);
			path = Model;
			sourceTree = "<group>";
		};
		D8BA3FBD20D3665B00C6C80F /* View */ = {
			isa = PBXGroup;
			children = (
				D8BA3FC820D368F100C6C80F /* YMPaopaoView.h */,
				D8BA3FC920D368F100C6C80F /* YMPaopaoView.m */,
				D8BA3FCB20D36B4C00C6C80F /* YMPaopaoView.xib */,
				D8BA3FC520D3682E00C6C80F /* YMAnnotationView.h */,
				D8BA3FC620D3682E00C6C80F /* YMAnnotationView.m */,
			);
			path = View;
			sourceTree = "<group>";
		};
		D8BA3FBE20D3666400C6C80F /* ViewCtl */ = {
			isa = PBXGroup;
			children = (
				D8BA3FB720D3655B00C6C80F /* YMMapViewController.h */,
				D8BA3FB820D3655B00C6C80F /* YMMapViewController.m */,
				D8BA3FB920D3655B00C6C80F /* YMMapViewController.xib */,
				D8BA3FCD20D3907800C6C80F /* YMPoiDetailViewController.h */,
				D8BA3FCE20D3907800C6C80F /* YMPoiDetailViewController.m */,
				D8BA3FCF20D3907800C6C80F /* YMPoiDetailViewController.xib */,
				D8BA3FDB20D39D6100C6C80F /* YMRouteAnnotationController.h */,
				D8BA3FDC20D39D6200C6C80F /* YMRouteAnnotationController.mm */,
			);
			path = ViewCtl;
			sourceTree = "<group>";
		};
		D8BA3FD720D399DC00C6C80F /* Category */ = {
			isa = PBXGroup;
			children = (
				D8BA3FD820D399DC00C6C80F /* UIImage+Rotate.h */,
				D8BA3FD920D399DC00C6C80F /* UIImage+Rotate.m */,
			);
			path = Category;
			sourceTree = "<group>";
		};
		D8FFDC6120BFF13F005DBC7F = {
			isa = PBXGroup;
			children = (
				D8FFDC6C20BFF13F005DBC7F /* BaiduMap_Demo */,
				D8FFDC8520BFF140005DBC7F /* BaiduMap_DemoTests */,
				D8FFDC9020BFF140005DBC7F /* BaiduMap_DemoUITests */,
				D8FFDC6B20BFF13F005DBC7F /* Products */,
				0FBEC910CF9EE9C4D561999B /* Pods */,
				24AB41EE722D0189E695340B /* Frameworks */,
			);
			sourceTree = "<group>";
		};
		D8FFDC6B20BFF13F005DBC7F /* Products */ = {
			isa = PBXGroup;
			children = (
				D8FFDC6A20BFF13F005DBC7F /* BaiduMap_Demo.app */,
				D8FFDC8220BFF140005DBC7F /* BaiduMap_DemoTests.xctest */,
				D8FFDC8D20BFF140005DBC7F /* BaiduMap_DemoUITests.xctest */,
			);
			name = Products;
			sourceTree = "<group>";
		};
		D8FFDC6C20BFF13F005DBC7F /* BaiduMap_Demo */ = {
			isa = PBXGroup;
			children = (
				D8BA3FD720D399DC00C6C80F /* Category */,
				D8BA3FB120D3621D00C6C80F /* Resource */,
				D8BA3FB020D3621200C6C80F /* 主控制器 */,
				D8BA3FB420D3624900C6C80F /* 路径规划 */,
				D8BA3FB520D3624D00C6C80F /* 标注拖动 */,
				D8BA3FB620D3624F00C6C80F /* 大头针拖动 */,
				D8FFDC7620BFF140005DBC7F /* Assets.xcassets */,
				D8FFDC7820BFF140005DBC7F /* LaunchScreen.storyboard */,
				D8FFDC7B20BFF140005DBC7F /* Info.plist */,
				D8FFDC7C20BFF140005DBC7F /* main.m */,
			);
			path = BaiduMap_Demo;
			sourceTree = "<group>";
		};
		D8FFDC8520BFF140005DBC7F /* BaiduMap_DemoTests */ = {
			isa = PBXGroup;
			children = (
				D8FFDC8620BFF140005DBC7F /* BaiduMap_DemoTests.m */,
				D8FFDC8820BFF140005DBC7F /* Info.plist */,
			);
			path = BaiduMap_DemoTests;
			sourceTree = "<group>";
		};
		D8FFDC9020BFF140005DBC7F /* BaiduMap_DemoUITests */ = {
			isa = PBXGroup;
			children = (
				D8FFDC9120BFF140005DBC7F /* BaiduMap_DemoUITests.m */,
				D8FFDC9320BFF140005DBC7F /* Info.plist */,
			);
			path = BaiduMap_DemoUITests;
			sourceTree = "<group>";
		};
/* End PBXGroup section */

/* Begin PBXNativeTarget section */
		D8FFDC6920BFF13F005DBC7F /* BaiduMap_Demo */ = {
			isa = PBXNativeTarget;
			buildConfigurationList = D8FFDC9620BFF140005DBC7F /* Build configuration list for PBXNativeTarget "BaiduMap_Demo" */;
			buildPhases = (
				3D8D9DDE51C85002BD2FC931 /* [CP] Check Pods Manifest.lock */,
				D8FFDC6620BFF13F005DBC7F /* Sources */,
				D8FFDC6720BFF13F005DBC7F /* Frameworks */,
				D8FFDC6820BFF13F005DBC7F /* Resources */,
				1B196014DBA7FAFAFB12B7D7 /* [CP] Copy Pods Resources */,
			);
			buildRules = (
			);
			dependencies = (
			);
			name = BaiduMap_Demo;
			productName = BaiduMap_Demo;
			productReference = D8FFDC6A20BFF13F005DBC7F /* BaiduMap_Demo.app */;
			productType = "com.apple.product-type.application";
		};
		D8FFDC8120BFF140005DBC7F /* BaiduMap_DemoTests */ = {
			isa = PBXNativeTarget;
			buildConfigurationList = D8FFDC9920BFF140005DBC7F /* Build configuration list for PBXNativeTarget "BaiduMap_DemoTests" */;
			buildPhases = (
				D8FFDC7E20BFF140005DBC7F /* Sources */,
				D8FFDC7F20BFF140005DBC7F /* Frameworks */,
				D8FFDC8020BFF140005DBC7F /* Resources */,
			);
			buildRules = (
			);
			dependencies = (
				D8FFDC8420BFF140005DBC7F /* PBXTargetDependency */,
			);
			name = BaiduMap_DemoTests;
			productName = BaiduMap_DemoTests;
			productReference = D8FFDC8220BFF140005DBC7F /* BaiduMap_DemoTests.xctest */;
			productType = "com.apple.product-type.bundle.unit-test";
		};
		D8FFDC8C20BFF140005DBC7F /* BaiduMap_DemoUITests */ = {
			isa = PBXNativeTarget;
			buildConfigurationList = D8FFDC9C20BFF140005DBC7F /* Build configuration list for PBXNativeTarget "BaiduMap_DemoUITests" */;
			buildPhases = (
				D8FFDC8920BFF140005DBC7F /* Sources */,
				D8FFDC8A20BFF140005DBC7F /* Frameworks */,
				D8FFDC8B20BFF140005DBC7F /* Resources */,
			);
			buildRules = (
			);
			dependencies = (
				D8FFDC8F20BFF140005DBC7F /* PBXTargetDependency */,
			);
			name = BaiduMap_DemoUITests;
			productName = BaiduMap_DemoUITests;
			productReference = D8FFDC8D20BFF140005DBC7F /* BaiduMap_DemoUITests.xctest */;
			productType = "com.apple.product-type.bundle.ui-testing";
		};
/* End PBXNativeTarget section */

/* Begin PBXProject section */
		D8FFDC6220BFF13F005DBC7F /* Project object */ = {
			isa = PBXProject;
			attributes = {
				LastUpgradeCheck = 0940;
				ORGANIZATIONNAME = linkiing;
				TargetAttributes = {
					D8FFDC6920BFF13F005DBC7F = {
						CreatedOnToolsVersion = 9.4;
					};
					D8FFDC8120BFF140005DBC7F = {
						CreatedOnToolsVersion = 9.4;
						TestTargetID = D8FFDC6920BFF13F005DBC7F;
					};
					D8FFDC8C20BFF140005DBC7F = {
						CreatedOnToolsVersion = 9.4;
						TestTargetID = D8FFDC6920BFF13F005DBC7F;
					};
				};
			};
			buildConfigurationList = D8FFDC6520BFF13F005DBC7F /* Build configuration list for PBXProject "BaiduMap_Demo" */;
			compatibilityVersion = "Xcode 9.3";
			developmentRegion = en;
			hasScannedForEncodings = 0;
			knownRegions = (
				en,
				Base,
			);
			mainGroup = D8FFDC6120BFF13F005DBC7F;
			productRefGroup = D8FFDC6B20BFF13F005DBC7F /* Products */;
			projectDirPath = "";
			projectRoot = "";
			targets = (
				D8FFDC6920BFF13F005DBC7F /* BaiduMap_Demo */,
				D8FFDC8120BFF140005DBC7F /* BaiduMap_DemoTests */,
				D8FFDC8C20BFF140005DBC7F /* BaiduMap_DemoUITests */,
			);
		};
/* End PBXProject section */

/* Begin PBXResourcesBuildPhase section */
		D8FFDC6820BFF13F005DBC7F /* Resources */ = {
			isa = PBXResourcesBuildPhase;
			buildActionMask = 2147483647;
			files = (
				D8FFDC7A20BFF140005DBC7F /* LaunchScreen.storyboard in Resources */,
				D8BA3FB320D3623A00C6C80F /* mapapi.bundle in Resources */,
				D8BA3FBB20D3655B00C6C80F /* YMMapViewController.xib in Resources */,
				D8BA3FD120D3907800C6C80F /* YMPoiDetailViewController.xib in Resources */,
				D8FFDC7720BFF140005DBC7F /* Assets.xcassets in Resources */,
				D8BA3FCC20D36B4C00C6C80F /* YMPaopaoView.xib in Resources */,
				D8FFDC7520BFF13F005DBC7F /* Main.storyboard in Resources */,
			);
			runOnlyForDeploymentPostprocessing = 0;
		};
		D8FFDC8020BFF140005DBC7F /* Resources */ = {
			isa = PBXResourcesBuildPhase;
			buildActionMask = 2147483647;
			files = (
			);
			runOnlyForDeploymentPostprocessing = 0;
		};
		D8FFDC8B20BFF140005DBC7F /* Resources */ = {
			isa = PBXResourcesBuildPhase;
			buildActionMask = 2147483647;
			files = (
			);
			runOnlyForDeploymentPostprocessing = 0;
		};
/* End PBXResourcesBuildPhase section */

/* Begin PBXShellScriptBuildPhase section */
		1B196014DBA7FAFAFB12B7D7 /* [CP] Copy Pods Resources */ = {
			isa = PBXShellScriptBuildPhase;
			buildActionMask = 2147483647;
			files = (
			);
			inputPaths = (
				"${SRCROOT}/Pods/Target Support Files/Pods-BaiduMap_Demo/Pods-BaiduMap_Demo-resources.sh",
				"${PODS_ROOT}/BaiduMapKit/BaiduMapKit/BaiduMapAPI_Map.framework/Resources/mapapi.bundle",
				"${PODS_ROOT}/SVProgressHUD/SVProgressHUD/SVProgressHUD.bundle",
			);
			name = "[CP] Copy Pods Resources";
			outputPaths = (
				"${TARGET_BUILD_DIR}/${UNLOCALIZED_RESOURCES_FOLDER_PATH}/mapapi.bundle",
				"${TARGET_BUILD_DIR}/${UNLOCALIZED_RESOURCES_FOLDER_PATH}/SVProgressHUD.bundle",
			);
			runOnlyForDeploymentPostprocessing = 0;
			shellPath = /bin/sh;
			shellScript = "\"${SRCROOT}/Pods/Target Support Files/Pods-BaiduMap_Demo/Pods-BaiduMap_Demo-resources.sh\"\n";
			showEnvVarsInLog = 0;
		};
		3D8D9DDE51C85002BD2FC931 /* [CP] Check Pods Manifest.lock */ = {
			isa = PBXShellScriptBuildPhase;
			buildActionMask = 2147483647;
			files = (
			);
			inputPaths = (
				"${PODS_PODFILE_DIR_PATH}/Podfile.lock",
				"${PODS_ROOT}/Manifest.lock",
			);
			name = "[CP] Check Pods Manifest.lock";
			outputPaths = (
				"$(DERIVED_FILE_DIR)/Pods-BaiduMap_Demo-checkManifestLockResult.txt",
			);
			runOnlyForDeploymentPostprocessing = 0;
			shellPath = /bin/sh;
			shellScript = "diff \"${PODS_PODFILE_DIR_PATH}/Podfile.lock\" \"${PODS_ROOT}/Manifest.lock\" > /dev/null\nif [ $? != 0 ] ; then\n    # print error to STDERR\n    echo \"error: The sandbox is not in sync with the Podfile.lock. Run 'pod install' or update your CocoaPods installation.\" >&2\n    exit 1\nfi\n# This output is used by Xcode 'outputs' to avoid re-running this script phase.\necho \"SUCCESS\" > \"${SCRIPT_OUTPUT_FILE_0}\"\n";
			showEnvVarsInLog = 0;
		};
/* End PBXShellScriptBuildPhase section */

/* Begin PBXSourcesBuildPhase section */
		D8FFDC6620BFF13F005DBC7F /* Sources */ = {
			isa = PBXSourcesBuildPhase;
			buildActionMask = 2147483647;
			files = (
				D8BA3FD020D3907800C6C80F /* YMPoiDetailViewController.m in Sources */,
				D8FFDC7220BFF13F005DBC7F /* ViewController.m in Sources */,
				D8BA3FC420D367E000C6C80F /* YMPointAnnotation.m in Sources */,
				D8BA3FCA20D368F100C6C80F /* YMPaopaoView.m in Sources */,
				D8BA3FC120D366BC00C6C80F /* YMPoi.m in Sources */,
				D8BA3FAF20D360A900C6C80F /* AppDelegate.mm in Sources */,
				D8FFDC7D20BFF140005DBC7F /* main.m in Sources */,
				D8BA3FBA20D3655B00C6C80F /* YMMapViewController.m in Sources */,
				D8BA3FDA20D399DC00C6C80F /* UIImage+Rotate.m in Sources */,
				D8BA3FC720D3682E00C6C80F /* YMAnnotationView.m in Sources */,
				D8BA3FDD20D39D6200C6C80F /* YMRouteAnnotationController.mm in Sources */,
			);
			runOnlyForDeploymentPostprocessing = 0;
		};
		D8FFDC7E20BFF140005DBC7F /* Sources */ = {
			isa = PBXSourcesBuildPhase;
			buildActionMask = 2147483647;
			files = (
				D8FFDC8720BFF140005DBC7F /* BaiduMap_DemoTests.m in Sources */,
			);
			runOnlyForDeploymentPostprocessing = 0;
		};
		D8FFDC8920BFF140005DBC7F /* Sources */ = {
			isa = PBXSourcesBuildPhase;
			buildActionMask = 2147483647;
			files = (
				D8FFDC9220BFF140005DBC7F /* BaiduMap_DemoUITests.m in Sources */,
			);
			runOnlyForDeploymentPostprocessing = 0;
		};
/* End PBXSourcesBuildPhase section */

/* Begin PBXTargetDependency section */
		D8FFDC8420BFF140005DBC7F /* PBXTargetDependency */ = {
			isa = PBXTargetDependency;
			target = D8FFDC6920BFF13F005DBC7F /* BaiduMap_Demo */;
			targetProxy = D8FFDC8320BFF140005DBC7F /* PBXContainerItemProxy */;
		};
		D8FFDC8F20BFF140005DBC7F /* PBXTargetDependency */ = {
			isa = PBXTargetDependency;
			target = D8FFDC6920BFF13F005DBC7F /* BaiduMap_Demo */;
			targetProxy = D8FFDC8E20BFF140005DBC7F /* PBXContainerItemProxy */;
		};
/* End PBXTargetDependency section */

/* Begin PBXVariantGroup section */
		D8FFDC7320BFF13F005DBC7F /* Main.storyboard */ = {
			isa = PBXVariantGroup;
			children = (
				D8FFDC7420BFF13F005DBC7F /* Base */,
			);
			name = Main.storyboard;
			sourceTree = "<group>";
		};
		D8FFDC7820BFF140005DBC7F /* LaunchScreen.storyboard */ = {
			isa = PBXVariantGroup;
			children = (
				D8FFDC7920BFF140005DBC7F /* Base */,
			);
			name = LaunchScreen.storyboard;
			sourceTree = "<group>";
		};
/* End PBXVariantGroup section */

/* Begin XCBuildConfiguration section */
		D8FFDC9420BFF140005DBC7F /* Debug */ = {
			isa = XCBuildConfiguration;
			buildSettings = {
				ALWAYS_SEARCH_USER_PATHS = NO;
				CLANG_ANALYZER_NONNULL = YES;
				CLANG_ANALYZER_NUMBER_OBJECT_CONVERSION = YES_AGGRESSIVE;
				CLANG_CXX_LANGUAGE_STANDARD = "gnu++14";
				CLANG_CXX_LIBRARY = "libc++";
				CLANG_ENABLE_MODULES = YES;
				CLANG_ENABLE_OBJC_ARC = YES;
				CLANG_ENABLE_OBJC_WEAK = YES;
				CLANG_WARN_BLOCK_CAPTURE_AUTORELEASING = YES;
				CLANG_WARN_BOOL_CONVERSION = YES;
				CLANG_WARN_COMMA = YES;
				CLANG_WARN_CONSTANT_CONVERSION = YES;
				CLANG_WARN_DEPRECATED_OBJC_IMPLEMENTATIONS = YES;
				CLANG_WARN_DIRECT_OBJC_ISA_USAGE = YES_ERROR;
				CLANG_WARN_DOCUMENTATION_COMMENTS = YES;
				CLANG_WARN_EMPTY_BODY = YES;
				CLANG_WARN_ENUM_CONVERSION = YES;
				CLANG_WARN_INFINITE_RECURSION = YES;
				CLANG_WARN_INT_CONVERSION = YES;
				CLANG_WARN_NON_LITERAL_NULL_CONVERSION = YES;
				CLANG_WARN_OBJC_IMPLICIT_RETAIN_SELF = YES;
				CLANG_WARN_OBJC_LITERAL_CONVERSION = YES;
				CLANG_WARN_OBJC_ROOT_CLASS = YES_ERROR;
				CLANG_WARN_RANGE_LOOP_ANALYSIS = YES;
				CLANG_WARN_STRICT_PROTOTYPES = YES;
				CLANG_WARN_SUSPICIOUS_MOVE = YES;
				CLANG_WARN_UNGUARDED_AVAILABILITY = YES_AGGRESSIVE;
				CLANG_WARN_UNREACHABLE_CODE = YES;
				CLANG_WARN__DUPLICATE_METHOD_MATCH = YES;
				CODE_SIGN_IDENTITY = "iPhone Developer";
				COPY_PHASE_STRIP = NO;
				DEBUG_INFORMATION_FORMAT = dwarf;
				ENABLE_STRICT_OBJC_MSGSEND = YES;
				ENABLE_TESTABILITY = YES;
				GCC_C_LANGUAGE_STANDARD = gnu11;
				GCC_DYNAMIC_NO_PIC = NO;
				GCC_NO_COMMON_BLOCKS = YES;
				GCC_OPTIMIZATION_LEVEL = 0;
				GCC_PREPROCESSOR_DEFINITIONS = (
					"DEBUG=1",
					"$(inherited)",
				);
				GCC_WARN_64_TO_32_BIT_CONVERSION = YES;
				GCC_WARN_ABOUT_RETURN_TYPE = YES_ERROR;
				GCC_WARN_UNDECLARED_SELECTOR = YES;
				GCC_WARN_UNINITIALIZED_AUTOS = YES_AGGRESSIVE;
				GCC_WARN_UNUSED_FUNCTION = YES;
				GCC_WARN_UNUSED_VARIABLE = YES;
				IPHONEOS_DEPLOYMENT_TARGET = 11.4;
				MTL_ENABLE_DEBUG_INFO = YES;
				ONLY_ACTIVE_ARCH = YES;
				SDKROOT = iphoneos;
			};
			name = Debug;
		};
		D8FFDC9520BFF140005DBC7F /* Release */ = {
			isa = XCBuildConfiguration;
			buildSettings = {
				ALWAYS_SEARCH_USER_PATHS = NO;
				CLANG_ANALYZER_NONNULL = YES;
				CLANG_ANALYZER_NUMBER_OBJECT_CONVERSION = YES_AGGRESSIVE;
				CLANG_CXX_LANGUAGE_STANDARD = "gnu++14";
				CLANG_CXX_LIBRARY = "libc++";
				CLANG_ENABLE_MODULES = YES;
				CLANG_ENABLE_OBJC_ARC = YES;
				CLANG_ENABLE_OBJC_WEAK = YES;
				CLANG_WARN_BLOCK_CAPTURE_AUTORELEASING = YES;
				CLANG_WARN_BOOL_CONVERSION = YES;
				CLANG_WARN_COMMA = YES;
				CLANG_WARN_CONSTANT_CONVERSION = YES;
				CLANG_WARN_DEPRECATED_OBJC_IMPLEMENTATIONS = YES;
				CLANG_WARN_DIRECT_OBJC_ISA_USAGE = YES_ERROR;
				CLANG_WARN_DOCUMENTATION_COMMENTS = YES;
				CLANG_WARN_EMPTY_BODY = YES;
				CLANG_WARN_ENUM_CONVERSION = YES;
				CLANG_WARN_INFINITE_RECURSION = YES;
				CLANG_WARN_INT_CONVERSION = YES;
				CLANG_WARN_NON_LITERAL_NULL_CONVERSION = YES;
				CLANG_WARN_OBJC_IMPLICIT_RETAIN_SELF = YES;
				CLANG_WARN_OBJC_LITERAL_CONVERSION = YES;
				CLANG_WARN_OBJC_ROOT_CLASS = YES_ERROR;
				CLANG_WARN_RANGE_LOOP_ANALYSIS = YES;
				CLANG_WARN_STRICT_PROTOTYPES = YES;
				CLANG_WARN_SUSPICIOUS_MOVE = YES;
				CLANG_WARN_UNGUARDED_AVAILABILITY = YES_AGGRESSIVE;
				CLANG_WARN_UNREACHABLE_CODE = YES;
				CLANG_WARN__DUPLICATE_METHOD_MATCH = YES;
				CODE_SIGN_IDENTITY = "iPhone Developer";
				COPY_PHASE_STRIP = NO;
				DEBUG_INFORMATION_FORMAT = "dwarf-with-dsym";
				ENABLE_NS_ASSERTIONS = NO;
				ENABLE_STRICT_OBJC_MSGSEND = YES;
				GCC_C_LANGUAGE_STANDARD = gnu11;
				GCC_NO_COMMON_BLOCKS = YES;
				GCC_WARN_64_TO_32_BIT_CONVERSION = YES;
				GCC_WARN_ABOUT_RETURN_TYPE = YES_ERROR;
				GCC_WARN_UNDECLARED_SELECTOR = YES;
				GCC_WARN_UNINITIALIZED_AUTOS = YES_AGGRESSIVE;
				GCC_WARN_UNUSED_FUNCTION = YES;
				GCC_WARN_UNUSED_VARIABLE = YES;
				IPHONEOS_DEPLOYMENT_TARGET = 11.4;
				MTL_ENABLE_DEBUG_INFO = NO;
				SDKROOT = iphoneos;
				VALIDATE_PRODUCT = YES;
			};
			name = Release;
		};
		D8FFDC9720BFF140005DBC7F /* Debug */ = {
			isa = XCBuildConfiguration;
			baseConfigurationReference = CDB2E659936E25EB221B68AA /* Pods-BaiduMap_Demo.debug.xcconfig */;
			buildSettings = {
				ASSETCATALOG_COMPILER_APPICON_NAME = AppIcon;
				CODE_SIGN_STYLE = Automatic;
				DEVELOPMENT_TEAM = VW6HNZLKMS;
				INFOPLIST_FILE = BaiduMap_Demo/Info.plist;
				IPHONEOS_DEPLOYMENT_TARGET = 9.0;
				LD_RUNPATH_SEARCH_PATHS = (
					"$(inherited)",
					"@executable_path/Frameworks",
				);
				PRODUCT_BUNDLE_IDENTIFIER = com.hrscy.BaiduMapDemo;
				PRODUCT_NAME = "$(TARGET_NAME)";
				TARGETED_DEVICE_FAMILY = "1,2";
			};
			name = Debug;
		};
		D8FFDC9820BFF140005DBC7F /* Release */ = {
			isa = XCBuildConfiguration;
			baseConfigurationReference = 54F2C4F1BD7D272BD15C6296 /* Pods-BaiduMap_Demo.release.xcconfig */;
			buildSettings = {
				ASSETCATALOG_COMPILER_APPICON_NAME = AppIcon;
				CODE_SIGN_STYLE = Automatic;
				DEVELOPMENT_TEAM = VW6HNZLKMS;
				INFOPLIST_FILE = BaiduMap_Demo/Info.plist;
				IPHONEOS_DEPLOYMENT_TARGET = 9.0;
				LD_RUNPATH_SEARCH_PATHS = (
					"$(inherited)",
					"@executable_path/Frameworks",
				);
				PRODUCT_BUNDLE_IDENTIFIER = com.hrscy.BaiduMapDemo;
				PRODUCT_NAME = "$(TARGET_NAME)";
				TARGETED_DEVICE_FAMILY = "1,2";
			};
			name = Release;
		};
		D8FFDC9A20BFF140005DBC7F /* Debug */ = {
			isa = XCBuildConfiguration;
			buildSettings = {
				BUNDLE_LOADER = "$(TEST_HOST)";
				CODE_SIGN_STYLE = Automatic;
				DEVELOPMENT_TEAM = VW6HNZLKMS;
				INFOPLIST_FILE = BaiduMap_DemoTests/Info.plist;
				LD_RUNPATH_SEARCH_PATHS = (
					"$(inherited)",
					"@executable_path/Frameworks",
					"@loader_path/Frameworks",
				);
				PRODUCT_BUNDLE_IDENTIFIER = "com.linkiing.BaiduMap-DemoTests";
				PRODUCT_NAME = "$(TARGET_NAME)";
				TARGETED_DEVICE_FAMILY = "1,2";
				TEST_HOST = "$(BUILT_PRODUCTS_DIR)/BaiduMap_Demo.app/BaiduMap_Demo";
			};
			name = Debug;
		};
		D8FFDC9B20BFF140005DBC7F /* Release */ = {
			isa = XCBuildConfiguration;
			buildSettings = {
				BUNDLE_LOADER = "$(TEST_HOST)";
				CODE_SIGN_STYLE = Automatic;
				DEVELOPMENT_TEAM = VW6HNZLKMS;
				INFOPLIST_FILE = BaiduMap_DemoTests/Info.plist;
				LD_RUNPATH_SEARCH_PATHS = (
					"$(inherited)",
					"@executable_path/Frameworks",
					"@loader_path/Frameworks",
				);
				PRODUCT_BUNDLE_IDENTIFIER = "com.linkiing.BaiduMap-DemoTests";
				PRODUCT_NAME = "$(TARGET_NAME)";
				TARGETED_DEVICE_FAMILY = "1,2";
				TEST_HOST = "$(BUILT_PRODUCTS_DIR)/BaiduMap_Demo.app/BaiduMap_Demo";
			};
			name = Release;
		};
		D8FFDC9D20BFF140005DBC7F /* Debug */ = {
			isa = XCBuildConfiguration;
			buildSettings = {
				CODE_SIGN_STYLE = Automatic;
				DEVELOPMENT_TEAM = VW6HNZLKMS;
				INFOPLIST_FILE = BaiduMap_DemoUITests/Info.plist;
				LD_RUNPATH_SEARCH_PATHS = (
					"$(inherited)",
					"@executable_path/Frameworks",
					"@loader_path/Frameworks",
				);
				PRODUCT_BUNDLE_IDENTIFIER = "com.linkiing.BaiduMap-DemoUITests";
				PRODUCT_NAME = "$(TARGET_NAME)";
				TARGETED_DEVICE_FAMILY = "1,2";
				TEST_TARGET_NAME = BaiduMap_Demo;
			};
			name = Debug;
		};
		D8FFDC9E20BFF140005DBC7F /* Release */ = {
			isa = XCBuildConfiguration;
			buildSettings = {
				CODE_SIGN_STYLE = Automatic;
				DEVELOPMENT_TEAM = VW6HNZLKMS;
				INFOPLIST_FILE = BaiduMap_DemoUITests/Info.plist;
				LD_RUNPATH_SEARCH_PATHS = (
					"$(inherited)",
					"@executable_path/Frameworks",
					"@loader_path/Frameworks",
				);
				PRODUCT_BUNDLE_IDENTIFIER = "com.linkiing.BaiduMap-DemoUITests";
				PRODUCT_NAME = "$(TARGET_NAME)";
				TARGETED_DEVICE_FAMILY = "1,2";
				TEST_TARGET_NAME = BaiduMap_Demo;
			};
			name = Release;
		};
/* End XCBuildConfiguration section */

/* Begin XCConfigurationList section */
		D8FFDC6520BFF13F005DBC7F /* Build configuration list for PBXProject "BaiduMap_Demo" */ = {
			isa = XCConfigurationList;
			buildConfigurations = (
				D8FFDC9420BFF140005DBC7F /* Debug */,
				D8FFDC9520BFF140005DBC7F /* Release */,
			);
			defaultConfigurationIsVisible = 0;
			defaultConfigurationName = Release;
		};
		D8FFDC9620BFF140005DBC7F /* Build configuration list for PBXNativeTarget "BaiduMap_Demo" */ = {
			isa = XCConfigurationList;
			buildConfigurations = (
				D8FFDC9720BFF140005DBC7F /* Debug */,
				D8FFDC9820BFF140005DBC7F /* Release */,
			);
			defaultConfigurationIsVisible = 0;
			defaultConfigurationName = Release;
		};
		D8FFDC9920BFF140005DBC7F /* Build configuration list for PBXNativeTarget "BaiduMap_DemoTests" */ = {
			isa = XCConfigurationList;
			buildConfigurations = (
				D8FFDC9A20BFF140005DBC7F /* Debug */,
				D8FFDC9B20BFF140005DBC7F /* Release */,
			);
			defaultConfigurationIsVisible = 0;
			defaultConfigurationName = Release;
		};
		D8FFDC9C20BFF140005DBC7F /* Build configuration list for PBXNativeTarget "BaiduMap_DemoUITests" */ = {
			isa = XCConfigurationList;
			buildConfigurations = (
				D8FFDC9D20BFF140005DBC7F /* Debug */,
				D8FFDC9E20BFF140005DBC7F /* Release */,
			);
			defaultConfigurationIsVisible = 0;
			defaultConfigurationName = Release;
		};
/* End XCConfigurationList section */
	};
	rootObject = D8FFDC6220BFF13F005DBC7F /* Project object */;
}
